// !$*UTF8*$!
{
	archiveVersion = 1;
	classes = {
	};
	objectVersion = 77;
	objects = {

/* Begin PBXBuildFile section */
		7416693C2E4118DF0028BB18 /* AppDelegate.swift in Sources */ = {isa = PBXBuildFile; fileRef = 741669302E4118DF0028BB18 /* AppDelegate.swift */; };
		7416693E2E4118DF0028BB18 /* ToDoListApp.xcdatamodeld in Sources */ = {isa = PBXBuildFile; fileRef = 741669382E4118DF0028BB18 /* ToDoListApp.xcdatamodeld */; };
		7416693F2E4118DF0028BB18 /* TaskListViewController.swift in Sources */ = {isa = PBXBuildFile; fileRef = 741669392E4118DF0028BB18 /* TaskListViewController.swift */; };
		741669402E4118DF0028BB18 /* Assets.xcassets in Resources */ = {isa = PBXBuildFile; fileRef = 741669312E4118DF0028BB18 /* Assets.xcassets */; };
		741669422E4118DF0028BB18 /* LaunchScreen.storyboard in Resources */ = {isa = PBXBuildFile; fileRef = 741669342E4118DF0028BB18 /* LaunchScreen.storyboard */; };
		7449779E2E43DF2900BEE726 /* AppDependencyContainer.swift in Sources */ = {isa = PBXBuildFile; fileRef = 7449779D2E43DF2900BEE726 /* AppDependencyContainer.swift */; };
		744977A62E44287500BEE726 /* EditTaskPresenter.swift in Sources */ = {isa = PBXBuildFile; fileRef = 744977A52E44287500BEE726 /* EditTaskPresenter.swift */; };
		744977A82E4428B300BEE726 /* EditTaskInteractor.swift in Sources */ = {isa = PBXBuildFile; fileRef = 744977A72E4428B300BEE726 /* EditTaskInteractor.swift */; };
		744977AA2E4428C400BEE726 /* EditTaskContract.swift in Sources */ = {isa = PBXBuildFile; fileRef = 744977A92E4428C400BEE726 /* EditTaskContract.swift */; };
		744E29AD2E483948006D0E89 /* Todo+Extension.swift in Sources */ = {isa = PBXBuildFile; fileRef = 744E29AC2E483948006D0E89 /* Todo+Extension.swift */; };
		744E29B12E483D4B006D0E89 /* EditTaskInteractorInputMock.swift in Sources */ = {isa = PBXBuildFile; fileRef = 744E29B02E483D4B006D0E89 /* EditTaskInteractorInputMock.swift */; };
		744E29B32E483D9E006D0E89 /* EditTaskModuleDelegateMock.swift in Sources */ = {isa = PBXBuildFile; fileRef = 744E29B22E483D9E006D0E89 /* EditTaskModuleDelegateMock.swift */; };
		744E29B72E484343006D0E89 /* EditTaskInteractorTests.swift in Sources */ = {isa = PBXBuildFile; fileRef = 744E29B62E484343006D0E89 /* EditTaskInteractorTests.swift */; };
		744E29B92E48458B006D0E89 /* EditTaskInteractorOutputMock.swift in Sources */ = {isa = PBXBuildFile; fileRef = 744E29B82E48458B006D0E89 /* EditTaskInteractorOutputMock.swift */; };
		744E29BB2E485FB4006D0E89 /* StartEntities.swift in Sources */ = {isa = PBXBuildFile; fileRef = 744E29BA2E485FB4006D0E89 /* StartEntities.swift */; };
		744E29BD2E485FDE006D0E89 /* TaskListEntities.swift in Sources */ = {isa = PBXBuildFile; fileRef = 744E29BC2E485FDE006D0E89 /* TaskListEntities.swift */; };
		744E29BF2E485FFE006D0E89 /* EditTaskEntities.swift in Sources */ = {isa = PBXBuildFile; fileRef = 744E29BE2E485FFE006D0E89 /* EditTaskEntities.swift */; };
		744E29C12E4877D0006D0E89 /* Alertable.swift in Sources */ = {isa = PBXBuildFile; fileRef = 744E29C02E4877D0006D0E89 /* Alertable.swift */; };
		746ACC792E675E22006F7171 /* Int+pluralize.swift in Sources */ = {isa = PBXBuildFile; fileRef = 746ACC782E675E22006F7171 /* Int+pluralize.swift */; };
		7481B7E72E4136C900CFA85C /* TaskListPresenter.swift in Sources */ = {isa = PBXBuildFile; fileRef = 7481B7E62E4136C900CFA85C /* TaskListPresenter.swift */; };
		7481B7E92E4136D600CFA85C /* TaskListInteractor.swift in Sources */ = {isa = PBXBuildFile; fileRef = 7481B7E82E4136D600CFA85C /* TaskListInteractor.swift */; };
		7481B7EB2E4136E300CFA85C /* TaskListRouter.swift in Sources */ = {isa = PBXBuildFile; fileRef = 7481B7EA2E4136E300CFA85C /* TaskListRouter.swift */; };
		7481B7ED2E4136EC00CFA85C /* TaskListContract.swift in Sources */ = {isa = PBXBuildFile; fileRef = 7481B7EC2E4136EC00CFA85C /* TaskListContract.swift */; };
		7481B7F02E41382000CFA85C /* TaskCell.swift in Sources */ = {isa = PBXBuildFile; fileRef = 7481B7EF2E41382000CFA85C /* TaskCell.swift */; };
		7481B7F32E41399D00CFA85C /* ReuseIdentifiable.swift in Sources */ = {isa = PBXBuildFile; fileRef = 7481B7F22E41399D00CFA85C /* ReuseIdentifiable.swift */; };
		7481B7F62E419B4800CFA85C /* BottomBarView.swift in Sources */ = {isa = PBXBuildFile; fileRef = 7481B7F52E419B4800CFA85C /* BottomBarView.swift */; };
		7481B7F92E41B29600CFA85C /* UIColor+Extension.swift in Sources */ = {isa = PBXBuildFile; fileRef = 7481B7F82E41B29600CFA85C /* UIColor+Extension.swift */; };
		748A74F52E456DCC00A1375E /* Date+Extension.swift in Sources */ = {isa = PBXBuildFile; fileRef = 748A74F42E456DCC00A1375E /* Date+Extension.swift */; };
		748A74F82E456F3600A1375E /* StartViewController.swift in Sources */ = {isa = PBXBuildFile; fileRef = 748A74F72E456F3600A1375E /* StartViewController.swift */; };
		748A74FA2E456F4A00A1375E /* StartPresenter.swift in Sources */ = {isa = PBXBuildFile; fileRef = 748A74F92E456F4A00A1375E /* StartPresenter.swift */; };
		748A74FC2E456F6900A1375E /* StartContract.swift in Sources */ = {isa = PBXBuildFile; fileRef = 748A74FB2E456F6900A1375E /* StartContract.swift */; };
		748A74FE2E45701500A1375E /* StartInteractor.swift in Sources */ = {isa = PBXBuildFile; fileRef = 748A74FD2E45701500A1375E /* StartInteractor.swift */; };
		748A75002E45742E00A1375E /* UserDefaultsLayer.swift in Sources */ = {isa = PBXBuildFile; fileRef = 748A74FF2E45742E00A1375E /* UserDefaultsLayer.swift */; };
		748A75032E45746900A1375E /* Persist.swift in Sources */ = {isa = PBXBuildFile; fileRef = 748A75022E45746900A1375E /* Persist.swift */; };
		748A75062E45764C00A1375E /* Page.swift in Sources */ = {isa = PBXBuildFile; fileRef = 748A75042E45764C00A1375E /* Page.swift */; };
		748A75092E45769200A1375E /* TodoPayload.swift in Sources */ = {isa = PBXBuildFile; fileRef = 748A75072E45769200A1375E /* TodoPayload.swift */; };
		748A750B2E45845700A1375E /* StartRouter.swift in Sources */ = {isa = PBXBuildFile; fileRef = 748A750A2E45845700A1375E /* StartRouter.swift */; };
		748E93832E47DF770090E6B7 /* MockStartInteractorOutput.swift in Sources */ = {isa = PBXBuildFile; fileRef = 748E93822E47DF770090E6B7 /* MockStartInteractorOutput.swift */; };
		748E93852E47DFC20090E6B7 /* MockSeedDataStatusStorage.swift in Sources */ = {isa = PBXBuildFile; fileRef = 748E93842E47DFC20090E6B7 /* MockSeedDataStatusStorage.swift */; };
		748E93872E47E0020090E6B7 /* RemoteAPIManagerMock.swift in Sources */ = {isa = PBXBuildFile; fileRef = 748E93862E47E0020090E6B7 /* RemoteAPIManagerMock.swift */; };
		748E93892E47E1020090E6B7 /* StartInteractorTests.swift in Sources */ = {isa = PBXBuildFile; fileRef = 748E93882E47E1020090E6B7 /* StartInteractorTests.swift */; };
		748E938B2E47E1FD0090E6B7 /* RepositoryProtocol.swift in Sources */ = {isa = PBXBuildFile; fileRef = 748E938A2E47E1FD0090E6B7 /* RepositoryProtocol.swift */; };
		748E93902E47EF710090E6B7 /* MockStartInteractorInput.swift in Sources */ = {isa = PBXBuildFile; fileRef = 748E938F2E47EF710090E6B7 /* MockStartInteractorInput.swift */; };
		748E93922E47EF920090E6B7 /* MockStartRouter.swift in Sources */ = {isa = PBXBuildFile; fileRef = 748E93912E47EF920090E6B7 /* MockStartRouter.swift */; };
		748E93962E47F0290090E6B7 /* StartPresenterTests.swift in Sources */ = {isa = PBXBuildFile; fileRef = 748E93952E47F0290090E6B7 /* StartPresenterTests.swift */; };
		748E93992E47F5320090E6B7 /* DummyError.swift in Sources */ = {isa = PBXBuildFile; fileRef = 748E93982E47F5320090E6B7 /* DummyError.swift */; };
		748E939D2E47FB4B0090E6B7 /* TaskListViewMock.swift in Sources */ = {isa = PBXBuildFile; fileRef = 748E939C2E47FB4B0090E6B7 /* TaskListViewMock.swift */; };
		748E939F2E47FB8E0090E6B7 /* TaskListInteractorInputMock.swift in Sources */ = {isa = PBXBuildFile; fileRef = 748E939E2E47FB8E0090E6B7 /* TaskListInteractorInputMock.swift */; };
		748E93A12E47FBCA0090E6B7 /* TaskListRouterMock.swift in Sources */ = {isa = PBXBuildFile; fileRef = 748E93A02E47FBCA0090E6B7 /* TaskListRouterMock.swift */; };
		748E93A32E47FC540090E6B7 /* TaskListPresenterTests.swift in Sources */ = {isa = PBXBuildFile; fileRef = 748E93A22E47FC540090E6B7 /* TaskListPresenterTests.swift */; };
		748E93A82E4805BA0090E6B7 /* EditTaskPresenterTests.swift in Sources */ = {isa = PBXBuildFile; fileRef = 748E93A72E4805BA0090E6B7 /* EditTaskPresenterTests.swift */; };
		748E93AA2E4806640090E6B7 /* TestCoreDataStack.swift in Sources */ = {isa = PBXBuildFile; fileRef = 748E93A92E4806640090E6B7 /* TestCoreDataStack.swift */; };
		748E93AC2E4814D10090E6B7 /* TaskListInteractorTests.swift in Sources */ = {isa = PBXBuildFile; fileRef = 748E93AB2E4814D10090E6B7 /* TaskListInteractorTests.swift */; };
		748E93AE2E4816080090E6B7 /* MockRepository.swift in Sources */ = {isa = PBXBuildFile; fileRef = 748E93AD2E4816080090E6B7 /* MockRepository.swift */; };
		748E93B02E4817790090E6B7 /* TaskListInteractorOutputMock.swift in Sources */ = {isa = PBXBuildFile; fileRef = 748E93AF2E4817790090E6B7 /* TaskListInteractorOutputMock.swift */; };
		74E6B0862E429DB800E3045C /* URLSessionManager.swift in Sources */ = {isa = PBXBuildFile; fileRef = 74E6B0852E429DB800E3045C /* URLSessionManager.swift */; };
		74E6B08A2E429E3F00E3045C /* RequestProtocol.swift in Sources */ = {isa = PBXBuildFile; fileRef = 74E6B0892E429E3E00E3045C /* RequestProtocol.swift */; };
		74E6B08D2E429E6400E3045C /* TodosRequest.swift in Sources */ = {isa = PBXBuildFile; fileRef = 74E6B08C2E429E6400E3045C /* TodosRequest.swift */; };
		74E6B08F2E429EB600E3045C /* RemoteAPIManagerProtocol.swift in Sources */ = {isa = PBXBuildFile; fileRef = 74E6B08E2E429EB600E3045C /* RemoteAPIManagerProtocol.swift */; };
		74E6B0912E429ECD00E3045C /* RemoteAPIManager.swift in Sources */ = {isa = PBXBuildFile; fileRef = 74E6B0902E429ECD00E3045C /* RemoteAPIManager.swift */; };
		74E6B0932E429F0C00E3045C /* HTTPMethod.swift in Sources */ = {isa = PBXBuildFile; fileRef = 74E6B0922E429F0C00E3045C /* HTTPMethod.swift */; };
		74E6B09B2E42B13A00E3045C /* Todo.swift in Sources */ = {isa = PBXBuildFile; fileRef = 74E6B0972E42B13A00E3045C /* Todo.swift */; };
		74E6B0A02E42BA8400E3045C /* CoreDataStack.swift in Sources */ = {isa = PBXBuildFile; fileRef = 74E6B09F2E42BA8400E3045C /* CoreDataStack.swift */; };
		74E6B0A42E42D2CD00E3045C /* CoreDataRepository.swift in Sources */ = {isa = PBXBuildFile; fileRef = 74E6B0A32E42D2CD00E3045C /* CoreDataRepository.swift */; };
		74E6B0A72E42E90000E3045C /* EditTaskViewController.swift in Sources */ = {isa = PBXBuildFile; fileRef = 74E6B0A62E42E90000E3045C /* EditTaskViewController.swift */; };
		74E6B89E2E470157004832FF /* TaskListDataSource.swift in Sources */ = {isa = PBXBuildFile; fileRef = 74E6B89D2E470157004832FF /* TaskListDataSource.swift */; };
		74E6B8A12E4702DD004832FF /* TaskListDelegate.swift in Sources */ = {isa = PBXBuildFile; fileRef = 74E6B8A02E4702DD004832FF /* TaskListDelegate.swift */; };
/* End PBXBuildFile section */

/* Begin PBXContainerItemProxy section */
		748EBEB82E41170D004869DB /* PBXContainerItemProxy */ = {
			isa = PBXContainerItemProxy;
			containerPortal = 748EBE962E41170C004869DB /* Project object */;
			proxyType = 1;
			remoteGlobalIDString = 748EBE9D2E41170C004869DB;
			remoteInfo = ToDoListApp;
		};
/* End PBXContainerItemProxy section */

/* Begin PBXFileReference section */
		741669302E4118DF0028BB18 /* AppDelegate.swift */ = {isa = PBXFileReference; lastKnownFileType = sourcecode.swift; path = AppDelegate.swift; sourceTree = "<group>"; };
		741669312E4118DF0028BB18 /* Assets.xcassets */ = {isa = PBXFileReference; lastKnownFileType = folder.assetcatalog; path = Assets.xcassets; sourceTree = "<group>"; };
		741669322E4118DF0028BB18 /* Info.plist */ = {isa = PBXFileReference; lastKnownFileType = text.plist.xml; path = Info.plist; sourceTree = "<group>"; };
		741669332E4118DF0028BB18 /* Base */ = {isa = PBXFileReference; lastKnownFileType = file.storyboard; name = Base; path = Base.lproj/LaunchScreen.storyboard; sourceTree = "<group>"; };
		741669392E4118DF0028BB18 /* TaskListViewController.swift */ = {isa = PBXFileReference; lastKnownFileType = sourcecode.swift; path = TaskListViewController.swift; sourceTree = "<group>"; };
		7416693B2E4118DF0028BB18 /* ToDoListApp.xcdatamodel */ = {isa = PBXFileReference; lastKnownFileType = wrapper.xcdatamodel; path = ToDoListApp.xcdatamodel; sourceTree = "<group>"; };
		7449779D2E43DF2900BEE726 /* AppDependencyContainer.swift */ = {isa = PBXFileReference; lastKnownFileType = sourcecode.swift; path = AppDependencyContainer.swift; sourceTree = "<group>"; };
		744977A52E44287500BEE726 /* EditTaskPresenter.swift */ = {isa = PBXFileReference; lastKnownFileType = sourcecode.swift; path = EditTaskPresenter.swift; sourceTree = "<group>"; };
		744977A72E4428B300BEE726 /* EditTaskInteractor.swift */ = {isa = PBXFileReference; lastKnownFileType = sourcecode.swift; path = EditTaskInteractor.swift; sourceTree = "<group>"; };
		744977A92E4428C400BEE726 /* EditTaskContract.swift */ = {isa = PBXFileReference; lastKnownFileType = sourcecode.swift; path = EditTaskContract.swift; sourceTree = "<group>"; };
		744E29AC2E483948006D0E89 /* Todo+Extension.swift */ = {isa = PBXFileReference; lastKnownFileType = sourcecode.swift; path = "Todo+Extension.swift"; sourceTree = "<group>"; };
		744E29B02E483D4B006D0E89 /* EditTaskInteractorInputMock.swift */ = {isa = PBXFileReference; lastKnownFileType = sourcecode.swift; path = EditTaskInteractorInputMock.swift; sourceTree = "<group>"; };
		744E29B22E483D9E006D0E89 /* EditTaskModuleDelegateMock.swift */ = {isa = PBXFileReference; lastKnownFileType = sourcecode.swift; path = EditTaskModuleDelegateMock.swift; sourceTree = "<group>"; };
		744E29B62E484343006D0E89 /* EditTaskInteractorTests.swift */ = {isa = PBXFileReference; lastKnownFileType = sourcecode.swift; path = EditTaskInteractorTests.swift; sourceTree = "<group>"; };
		744E29B82E48458B006D0E89 /* EditTaskInteractorOutputMock.swift */ = {isa = PBXFileReference; lastKnownFileType = sourcecode.swift; path = EditTaskInteractorOutputMock.swift; sourceTree = "<group>"; };
		744E29BA2E485FB4006D0E89 /* StartEntities.swift */ = {isa = PBXFileReference; lastKnownFileType = sourcecode.swift; path = StartEntities.swift; sourceTree = "<group>"; };
		744E29BC2E485FDE006D0E89 /* TaskListEntities.swift */ = {isa = PBXFileReference; lastKnownFileType = sourcecode.swift; path = TaskListEntities.swift; sourceTree = "<group>"; };
		744E29BE2E485FFE006D0E89 /* EditTaskEntities.swift */ = {isa = PBXFileReference; lastKnownFileType = sourcecode.swift; path = EditTaskEntities.swift; sourceTree = "<group>"; };
		744E29C02E4877D0006D0E89 /* Alertable.swift */ = {isa = PBXFileReference; lastKnownFileType = sourcecode.swift; path = Alertable.swift; sourceTree = "<group>"; };
		746ACC782E675E22006F7171 /* Int+pluralize.swift */ = {isa = PBXFileReference; lastKnownFileType = sourcecode.swift; path = "Int+pluralize.swift"; sourceTree = "<group>"; };
		7481B7E62E4136C900CFA85C /* TaskListPresenter.swift */ = {isa = PBXFileReference; lastKnownFileType = sourcecode.swift; path = TaskListPresenter.swift; sourceTree = "<group>"; };
		7481B7E82E4136D600CFA85C /* TaskListInteractor.swift */ = {isa = PBXFileReference; lastKnownFileType = sourcecode.swift; path = TaskListInteractor.swift; sourceTree = "<group>"; };
		7481B7EA2E4136E300CFA85C /* TaskListRouter.swift */ = {isa = PBXFileReference; lastKnownFileType = sourcecode.swift; path = TaskListRouter.swift; sourceTree = "<group>"; };
		7481B7EC2E4136EC00CFA85C /* TaskListContract.swift */ = {isa = PBXFileReference; lastKnownFileType = sourcecode.swift; path = TaskListContract.swift; sourceTree = "<group>"; };
		7481B7EF2E41382000CFA85C /* TaskCell.swift */ = {isa = PBXFileReference; lastKnownFileType = sourcecode.swift; path = TaskCell.swift; sourceTree = "<group>"; };
		7481B7F22E41399D00CFA85C /* ReuseIdentifiable.swift */ = {isa = PBXFileReference; lastKnownFileType = sourcecode.swift; path = ReuseIdentifiable.swift; sourceTree = "<group>"; };
		7481B7F52E419B4800CFA85C /* BottomBarView.swift */ = {isa = PBXFileReference; lastKnownFileType = sourcecode.swift; path = BottomBarView.swift; sourceTree = "<group>"; };
		7481B7F82E41B29600CFA85C /* UIColor+Extension.swift */ = {isa = PBXFileReference; lastKnownFileType = sourcecode.swift; path = "UIColor+Extension.swift"; sourceTree = "<group>"; };
		748A74F42E456DCC00A1375E /* Date+Extension.swift */ = {isa = PBXFileReference; lastKnownFileType = sourcecode.swift; path = "Date+Extension.swift"; sourceTree = "<group>"; };
		748A74F72E456F3600A1375E /* StartViewController.swift */ = {isa = PBXFileReference; lastKnownFileType = sourcecode.swift; path = StartViewController.swift; sourceTree = "<group>"; };
		748A74F92E456F4A00A1375E /* StartPresenter.swift */ = {isa = PBXFileReference; lastKnownFileType = sourcecode.swift; path = StartPresenter.swift; sourceTree = "<group>"; };
		748A74FB2E456F6900A1375E /* StartContract.swift */ = {isa = PBXFileReference; lastKnownFileType = sourcecode.swift; path = StartContract.swift; sourceTree = "<group>"; };
		748A74FD2E45701500A1375E /* StartInteractor.swift */ = {isa = PBXFileReference; lastKnownFileType = sourcecode.swift; path = StartInteractor.swift; sourceTree = "<group>"; };
		748A74FF2E45742E00A1375E /* UserDefaultsLayer.swift */ = {isa = PBXFileReference; lastKnownFileType = sourcecode.swift; path = UserDefaultsLayer.swift; sourceTree = "<group>"; };
		748A75022E45746900A1375E /* Persist.swift */ = {isa = PBXFileReference; lastKnownFileType = sourcecode.swift; path = Persist.swift; sourceTree = "<group>"; };
		748A75042E45764C00A1375E /* Page.swift */ = {isa = PBXFileReference; lastKnownFileType = sourcecode.swift; path = Page.swift; sourceTree = "<group>"; };
		748A75072E45769200A1375E /* TodoPayload.swift */ = {isa = PBXFileReference; lastKnownFileType = sourcecode.swift; path = TodoPayload.swift; sourceTree = "<group>"; };
		748A750A2E45845700A1375E /* StartRouter.swift */ = {isa = PBXFileReference; lastKnownFileType = sourcecode.swift; path = StartRouter.swift; sourceTree = "<group>"; };
		748E93822E47DF770090E6B7 /* MockStartInteractorOutput.swift */ = {isa = PBXFileReference; lastKnownFileType = sourcecode.swift; path = MockStartInteractorOutput.swift; sourceTree = "<group>"; };
		748E93842E47DFC20090E6B7 /* MockSeedDataStatusStorage.swift */ = {isa = PBXFileReference; lastKnownFileType = sourcecode.swift; path = MockSeedDataStatusStorage.swift; sourceTree = "<group>"; };
		748E93862E47E0020090E6B7 /* RemoteAPIManagerMock.swift */ = {isa = PBXFileReference; lastKnownFileType = sourcecode.swift; path = RemoteAPIManagerMock.swift; sourceTree = "<group>"; };
		748E93882E47E1020090E6B7 /* StartInteractorTests.swift */ = {isa = PBXFileReference; lastKnownFileType = sourcecode.swift; path = StartInteractorTests.swift; sourceTree = "<group>"; };
		748E938A2E47E1FD0090E6B7 /* RepositoryProtocol.swift */ = {isa = PBXFileReference; lastKnownFileType = sourcecode.swift; path = RepositoryProtocol.swift; sourceTree = "<group>"; };
		748E938F2E47EF710090E6B7 /* MockStartInteractorInput.swift */ = {isa = PBXFileReference; lastKnownFileType = sourcecode.swift; path = MockStartInteractorInput.swift; sourceTree = "<group>"; };
		748E93912E47EF920090E6B7 /* MockStartRouter.swift */ = {isa = PBXFileReference; lastKnownFileType = sourcecode.swift; path = MockStartRouter.swift; sourceTree = "<group>"; };
		748E93952E47F0290090E6B7 /* StartPresenterTests.swift */ = {isa = PBXFileReference; lastKnownFileType = sourcecode.swift; path = StartPresenterTests.swift; sourceTree = "<group>"; };
		748E93982E47F5320090E6B7 /* DummyError.swift */ = {isa = PBXFileReference; lastKnownFileType = sourcecode.swift; path = DummyError.swift; sourceTree = "<group>"; };
		748E939C2E47FB4B0090E6B7 /* TaskListViewMock.swift */ = {isa = PBXFileReference; lastKnownFileType = sourcecode.swift; path = TaskListViewMock.swift; sourceTree = "<group>"; };
		748E939E2E47FB8E0090E6B7 /* TaskListInteractorInputMock.swift */ = {isa = PBXFileReference; lastKnownFileType = sourcecode.swift; path = TaskListInteractorInputMock.swift; sourceTree = "<group>"; };
		748E93A02E47FBCA0090E6B7 /* TaskListRouterMock.swift */ = {isa = PBXFileReference; lastKnownFileType = sourcecode.swift; path = TaskListRouterMock.swift; sourceTree = "<group>"; };
		748E93A22E47FC540090E6B7 /* TaskListPresenterTests.swift */ = {isa = PBXFileReference; lastKnownFileType = sourcecode.swift; path = TaskListPresenterTests.swift; sourceTree = "<group>"; };
		748E93A72E4805BA0090E6B7 /* EditTaskPresenterTests.swift */ = {isa = PBXFileReference; lastKnownFileType = sourcecode.swift; path = EditTaskPresenterTests.swift; sourceTree = "<group>"; };
		748E93A92E4806640090E6B7 /* TestCoreDataStack.swift */ = {isa = PBXFileReference; lastKnownFileType = sourcecode.swift; path = TestCoreDataStack.swift; sourceTree = "<group>"; };
		748E93AB2E4814D10090E6B7 /* TaskListInteractorTests.swift */ = {isa = PBXFileReference; lastKnownFileType = sourcecode.swift; path = TaskListInteractorTests.swift; sourceTree = "<group>"; };
		748E93AD2E4816080090E6B7 /* MockRepository.swift */ = {isa = PBXFileReference; lastKnownFileType = sourcecode.swift; path = MockRepository.swift; sourceTree = "<group>"; };
		748E93AF2E4817790090E6B7 /* TaskListInteractorOutputMock.swift */ = {isa = PBXFileReference; lastKnownFileType = sourcecode.swift; path = TaskListInteractorOutputMock.swift; sourceTree = "<group>"; };
		748EBE9E2E41170C004869DB /* ToDoListApp.app */ = {isa = PBXFileReference; explicitFileType = wrapper.application; includeInIndex = 0; path = ToDoListApp.app; sourceTree = BUILT_PRODUCTS_DIR; };
		748EBEB72E41170D004869DB /* ToDoListAppTests.xctest */ = {isa = PBXFileReference; explicitFileType = wrapper.cfbundle; includeInIndex = 0; path = ToDoListAppTests.xctest; sourceTree = BUILT_PRODUCTS_DIR; };
		74E6B0852E429DB800E3045C /* URLSessionManager.swift */ = {isa = PBXFileReference; lastKnownFileType = sourcecode.swift; path = URLSessionManager.swift; sourceTree = "<group>"; };
		74E6B0892E429E3E00E3045C /* RequestProtocol.swift */ = {isa = PBXFileReference; lastKnownFileType = sourcecode.swift; path = RequestProtocol.swift; sourceTree = "<group>"; };
		74E6B08C2E429E6400E3045C /* TodosRequest.swift */ = {isa = PBXFileReference; lastKnownFileType = sourcecode.swift; path = TodosRequest.swift; sourceTree = "<group>"; };
		74E6B08E2E429EB600E3045C /* RemoteAPIManagerProtocol.swift */ = {isa = PBXFileReference; lastKnownFileType = sourcecode.swift; path = RemoteAPIManagerProtocol.swift; sourceTree = "<group>"; };
		74E6B0902E429ECD00E3045C /* RemoteAPIManager.swift */ = {isa = PBXFileReference; lastKnownFileType = sourcecode.swift; path = RemoteAPIManager.swift; sourceTree = "<group>"; };
		74E6B0922E429F0C00E3045C /* HTTPMethod.swift */ = {isa = PBXFileReference; lastKnownFileType = sourcecode.swift; path = HTTPMethod.swift; sourceTree = "<group>"; };
		74E6B0972E42B13A00E3045C /* Todo.swift */ = {isa = PBXFileReference; lastKnownFileType = sourcecode.swift; path = Todo.swift; sourceTree = "<group>"; };
		74E6B09F2E42BA8400E3045C /* CoreDataStack.swift */ = {isa = PBXFileReference; lastKnownFileType = sourcecode.swift; path = CoreDataStack.swift; sourceTree = "<group>"; };
		74E6B0A32E42D2CD00E3045C /* CoreDataRepository.swift */ = {isa = PBXFileReference; lastKnownFileType = sourcecode.swift; path = CoreDataRepository.swift; sourceTree = "<group>"; };
		74E6B0A62E42E90000E3045C /* EditTaskViewController.swift */ = {isa = PBXFileReference; lastKnownFileType = sourcecode.swift; path = EditTaskViewController.swift; sourceTree = "<group>"; };
		74E6B89D2E470157004832FF /* TaskListDataSource.swift */ = {isa = PBXFileReference; lastKnownFileType = sourcecode.swift; path = TaskListDataSource.swift; sourceTree = "<group>"; };
		74E6B8A02E4702DD004832FF /* TaskListDelegate.swift */ = {isa = PBXFileReference; lastKnownFileType = sourcecode.swift; path = TaskListDelegate.swift; sourceTree = "<group>"; };
/* End PBXFileReference section */

/* Begin PBXFrameworksBuildPhase section */
		748EBE9B2E41170C004869DB /* Frameworks */ = {
			isa = PBXFrameworksBuildPhase;
			buildActionMask = 2147483647;
			files = (
			);
			runOnlyForDeploymentPostprocessing = 0;
		};
		748EBEB42E41170D004869DB /* Frameworks */ = {
			isa = PBXFrameworksBuildPhase;
			buildActionMask = 2147483647;
			files = (
			);
			runOnlyForDeploymentPostprocessing = 0;
		};
/* End PBXFrameworksBuildPhase section */

/* Begin PBXGroup section */
		7416693A2E4118DF0028BB18 /* ToDoListApp */ = {
			isa = PBXGroup;
			children = (
				741669472E411B610028BB18 /* Application */,
				741669442E4118E10028BB18 /* Presentation */,
				741669482E4130C60028BB18 /* Core */,
				7481B7F12E41399300CFA85C /* Utils */,
				741669452E411B390028BB18 /* Resources */,
				741669462E411B4E0028BB18 /* Supporting Files */,
			);
			path = ToDoListApp;
			sourceTree = "<group>";
		};
		741669442E4118E10028BB18 /* Presentation */ = {
			isa = PBXGroup;
			children = (
				7481B7E52E41365600CFA85C /* Modules */,
			);
			path = Presentation;
			sourceTree = "<group>";
		};
		741669452E411B390028BB18 /* Resources */ = {
			isa = PBXGroup;
			children = (
				741669312E4118DF0028BB18 /* Assets.xcassets */,
			);
			path = Resources;
			sourceTree = "<group>";
		};
		741669462E411B4E0028BB18 /* Supporting Files */ = {
			isa = PBXGroup;
			children = (
				741669322E4118DF0028BB18 /* Info.plist */,
				741669342E4118DF0028BB18 /* LaunchScreen.storyboard */,
			);
			path = "Supporting Files";
			sourceTree = "<group>";
		};
		741669472E411B610028BB18 /* Application */ = {
			isa = PBXGroup;
			children = (
				7449779C2E43DF1700BEE726 /* DependencyContainer */,
				741669302E4118DF0028BB18 /* AppDelegate.swift */,
			);
			path = Application;
			sourceTree = "<group>";
		};
		741669482E4130C60028BB18 /* Core */ = {
			isa = PBXGroup;
			children = (
				74E6B09D2E42B25300E3045C /* Entities */,
				748A75012E45743D00A1375E /* LocalStorage */,
				74E6B0842E429DA100E3045C /* Networking */,
				741669382E4118DF0028BB18 /* ToDoListApp.xcdatamodeld */,
			);
			path = Core;
			sourceTree = "<group>";
		};
		7449779C2E43DF1700BEE726 /* DependencyContainer */ = {
			isa = PBXGroup;
			children = (
				7449779D2E43DF2900BEE726 /* AppDependencyContainer.swift */,
			);
			path = DependencyContainer;
			sourceTree = "<group>";
		};
		744E29AE2E483A5A006D0E89 /* Extensions */ = {
			isa = PBXGroup;
			children = (
				744E29AC2E483948006D0E89 /* Todo+Extension.swift */,
			);
			path = Extensions;
			sourceTree = "<group>";
		};
		744E29AF2E483D2B006D0E89 /* Mocks */ = {
			isa = PBXGroup;
			children = (
				744E29B02E483D4B006D0E89 /* EditTaskInteractorInputMock.swift */,
				744E29B22E483D9E006D0E89 /* EditTaskModuleDelegateMock.swift */,
				744E29B82E48458B006D0E89 /* EditTaskInteractorOutputMock.swift */,
			);
			path = Mocks;
			sourceTree = "<group>";
		};
		7481B7E42E41360000CFA85C /* TaskList */ = {
			isa = PBXGroup;
			children = (
				7481B7F42E419AA700CFA85C /* Views */,
				74E6B89F2E470209004832FF /* TableView */,
				741669392E4118DF0028BB18 /* TaskListViewController.swift */,
				7481B7E62E4136C900CFA85C /* TaskListPresenter.swift */,
				7481B7E82E4136D600CFA85C /* TaskListInteractor.swift */,
				744E29BC2E485FDE006D0E89 /* TaskListEntities.swift */,
				7481B7EA2E4136E300CFA85C /* TaskListRouter.swift */,
				7481B7EC2E4136EC00CFA85C /* TaskListContract.swift */,
			);
			path = TaskList;
			sourceTree = "<group>";
		};
		7481B7E52E41365600CFA85C /* Modules */ = {
			isa = PBXGroup;
			children = (
				748A74F62E456F2C00A1375E /* Start */,
				7481B7E42E41360000CFA85C /* TaskList */,
				74E6B0832E42838D00E3045C /* EditTask */,
			);
			path = Modules;
			sourceTree = "<group>";
		};
		7481B7EE2E41381A00CFA85C /* Cell */ = {
			isa = PBXGroup;
			children = (
				7481B7EF2E41382000CFA85C /* TaskCell.swift */,
			);
			path = Cell;
			sourceTree = "<group>";
		};
		7481B7F12E41399300CFA85C /* Utils */ = {
			isa = PBXGroup;
			children = (
				7481B7F72E41B27A00CFA85C /* Extensions */,
				748A75022E45746900A1375E /* Persist.swift */,
			);
			path = Utils;
			sourceTree = "<group>";
		};
		7481B7F42E419AA700CFA85C /* Views */ = {
			isa = PBXGroup;
			children = (
				7481B7EE2E41381A00CFA85C /* Cell */,
				7481B7F52E419B4800CFA85C /* BottomBarView.swift */,
			);
			path = Views;
			sourceTree = "<group>";
		};
		7481B7F72E41B27A00CFA85C /* Extensions */ = {
			isa = PBXGroup;
			children = (
				7481B7F22E41399D00CFA85C /* ReuseIdentifiable.swift */,
				7481B7F82E41B29600CFA85C /* UIColor+Extension.swift */,
				748A74F42E456DCC00A1375E /* Date+Extension.swift */,
				744E29C02E4877D0006D0E89 /* Alertable.swift */,
				746ACC782E675E22006F7171 /* Int+pluralize.swift */,
			);
			path = Extensions;
			sourceTree = "<group>";
		};
		748A74F62E456F2C00A1375E /* Start */ = {
			isa = PBXGroup;
			children = (
				748A74F72E456F3600A1375E /* StartViewController.swift */,
				748A74F92E456F4A00A1375E /* StartPresenter.swift */,
				748A74FD2E45701500A1375E /* StartInteractor.swift */,
				744E29BA2E485FB4006D0E89 /* StartEntities.swift */,
				748A750A2E45845700A1375E /* StartRouter.swift */,
				748A74FB2E456F6900A1375E /* StartContract.swift */,
			);
			path = Start;
			sourceTree = "<group>";
		};
		748A75012E45743D00A1375E /* LocalStorage */ = {
			isa = PBXGroup;
			children = (
				74E6B09E2E42BA5C00E3045C /* CoreData */,
				748A74FF2E45742E00A1375E /* UserDefaultsLayer.swift */,
			);
			path = LocalStorage;
			sourceTree = "<group>";
		};
		748E937F2E47DF4F0090E6B7 /* ToDoListAppTests */ = {
			isa = PBXGroup;
			children = (
				748E938E2E47E9B80090E6B7 /* Cases */,
				748E93812E47DF520090E6B7 /* Core */,
				748E93972E47F51A0090E6B7 /* Helpers */,
				744E29AE2E483A5A006D0E89 /* Extensions */,
			);
			path = ToDoListAppTests;
			sourceTree = "<group>";
		};
		748E93812E47DF520090E6B7 /* Core */ = {
			isa = PBXGroup;
			children = (
				748E93842E47DFC20090E6B7 /* MockSeedDataStatusStorage.swift */,
				748E93862E47E0020090E6B7 /* RemoteAPIManagerMock.swift */,
				748E93AD2E4816080090E6B7 /* MockRepository.swift */,
			);
			path = Core;
			sourceTree = "<group>";
		};
		748E938E2E47E9B80090E6B7 /* Cases */ = {
			isa = PBXGroup;
			children = (
				748E93932E47EFAE0090E6B7 /* Start */,
				748E939A2E47FAAA0090E6B7 /* TaskList */,
				748E93A42E4802FB0090E6B7 /* EditTask */,
			);
			path = Cases;
			sourceTree = "<group>";
		};
		748E93932E47EFAE0090E6B7 /* Start */ = {
			isa = PBXGroup;
			children = (
				748E93942E47EFB50090E6B7 /* Mocks */,
				748E93952E47F0290090E6B7 /* StartPresenterTests.swift */,
				748E93882E47E1020090E6B7 /* StartInteractorTests.swift */,
			);
			path = Start;
			sourceTree = "<group>";
		};
		748E93942E47EFB50090E6B7 /* Mocks */ = {
			isa = PBXGroup;
			children = (
				748E938F2E47EF710090E6B7 /* MockStartInteractorInput.swift */,
				748E93822E47DF770090E6B7 /* MockStartInteractorOutput.swift */,
				748E93912E47EF920090E6B7 /* MockStartRouter.swift */,
			);
			path = Mocks;
			sourceTree = "<group>";
		};
		748E93972E47F51A0090E6B7 /* Helpers */ = {
			isa = PBXGroup;
			children = (
				748E93A92E4806640090E6B7 /* TestCoreDataStack.swift */,
				748E93982E47F5320090E6B7 /* DummyError.swift */,
			);
			path = Helpers;
			sourceTree = "<group>";
		};
		748E939A2E47FAAA0090E6B7 /* TaskList */ = {
			isa = PBXGroup;
			children = (
				748E939B2E47FB3F0090E6B7 /* Mocks */,
				748E93A22E47FC540090E6B7 /* TaskListPresenterTests.swift */,
				748E93AB2E4814D10090E6B7 /* TaskListInteractorTests.swift */,
			);
			path = TaskList;
			sourceTree = "<group>";
		};
		748E939B2E47FB3F0090E6B7 /* Mocks */ = {
			isa = PBXGroup;
			children = (
				748E939C2E47FB4B0090E6B7 /* TaskListViewMock.swift */,
				748E939E2E47FB8E0090E6B7 /* TaskListInteractorInputMock.swift */,
				748E93AF2E4817790090E6B7 /* TaskListInteractorOutputMock.swift */,
				748E93A02E47FBCA0090E6B7 /* TaskListRouterMock.swift */,
			);
			path = Mocks;
			sourceTree = "<group>";
		};
		748E93A42E4802FB0090E6B7 /* EditTask */ = {
			isa = PBXGroup;
			children = (
				744E29AF2E483D2B006D0E89 /* Mocks */,
				748E93A72E4805BA0090E6B7 /* EditTaskPresenterTests.swift */,
				744E29B62E484343006D0E89 /* EditTaskInteractorTests.swift */,
			);
			path = EditTask;
			sourceTree = "<group>";
		};
		748EBE952E41170C004869DB = {
			isa = PBXGroup;
			children = (
				7416693A2E4118DF0028BB18 /* ToDoListApp */,
				748E937F2E47DF4F0090E6B7 /* ToDoListAppTests */,
				748EBE9F2E41170C004869DB /* Products */,
			);
			sourceTree = "<group>";
		};
		748EBE9F2E41170C004869DB /* Products */ = {
			isa = PBXGroup;
			children = (
				748EBE9E2E41170C004869DB /* ToDoListApp.app */,
				748EBEB72E41170D004869DB /* ToDoListAppTests.xctest */,
			);
			name = Products;
			sourceTree = "<group>";
		};
		74E6B0832E42838D00E3045C /* EditTask */ = {
			isa = PBXGroup;
			children = (
				74E6B0A62E42E90000E3045C /* EditTaskViewController.swift */,
				744977A52E44287500BEE726 /* EditTaskPresenter.swift */,
				744977A72E4428B300BEE726 /* EditTaskInteractor.swift */,
				744E29BE2E485FFE006D0E89 /* EditTaskEntities.swift */,
				744977A92E4428C400BEE726 /* EditTaskContract.swift */,
			);
			path = EditTask;
			sourceTree = "<group>";
		};
		74E6B0842E429DA100E3045C /* Networking */ = {
			isa = PBXGroup;
			children = (
				74E6B0872E429E1400E3045C /* APIManager */,
				74E6B0882E429E2900E3045C /* Request */,
				74E6B0852E429DB800E3045C /* URLSessionManager.swift */,
				74E6B0922E429F0C00E3045C /* HTTPMethod.swift */,
			);
			path = Networking;
			sourceTree = "<group>";
		};
		74E6B0872E429E1400E3045C /* APIManager */ = {
			isa = PBXGroup;
			children = (
				74E6B0902E429ECD00E3045C /* RemoteAPIManager.swift */,
				74E6B08E2E429EB600E3045C /* RemoteAPIManagerProtocol.swift */,
			);
			path = APIManager;
			sourceTree = "<group>";
		};
		74E6B0882E429E2900E3045C /* Request */ = {
			isa = PBXGroup;
			children = (
				74E6B08B2E429E5200E3045C /* Implementations */,
				74E6B0892E429E3E00E3045C /* RequestProtocol.swift */,
			);
			path = Request;
			sourceTree = "<group>";
		};
		74E6B08B2E429E5200E3045C /* Implementations */ = {
			isa = PBXGroup;
			children = (
				74E6B08C2E429E6400E3045C /* TodosRequest.swift */,
			);
			path = Implementations;
			sourceTree = "<group>";
		};
		74E6B09D2E42B25300E3045C /* Entities */ = {
			isa = PBXGroup;
			children = (
				74E6B0972E42B13A00E3045C /* Todo.swift */,
				748A75042E45764C00A1375E /* Page.swift */,
				748A75072E45769200A1375E /* TodoPayload.swift */,
			);
			path = Entities;
			sourceTree = "<group>";
		};
		74E6B09E2E42BA5C00E3045C /* CoreData */ = {
			isa = PBXGroup;
			children = (
				74E6B0A52E42D3B300E3045C /* Repository */,
				74E6B09F2E42BA8400E3045C /* CoreDataStack.swift */,
			);
			path = CoreData;
			sourceTree = "<group>";
		};
		74E6B0A52E42D3B300E3045C /* Repository */ = {
			isa = PBXGroup;
			children = (
				748E938A2E47E1FD0090E6B7 /* RepositoryProtocol.swift */,
				74E6B0A32E42D2CD00E3045C /* CoreDataRepository.swift */,
			);
			path = Repository;
			sourceTree = "<group>";
		};
		74E6B89F2E470209004832FF /* TableView */ = {
			isa = PBXGroup;
			children = (
				74E6B89D2E470157004832FF /* TaskListDataSource.swift */,
				74E6B8A02E4702DD004832FF /* TaskListDelegate.swift */,
			);
			path = TableView;
			sourceTree = "<group>";
		};
/* End PBXGroup section */

/* Begin PBXNativeTarget section */
		748EBE9D2E41170C004869DB /* ToDoListApp */ = {
			isa = PBXNativeTarget;
			buildConfigurationList = 748EBECA2E41170D004869DB /* Build configuration list for PBXNativeTarget "ToDoListApp" */;
			buildPhases = (
				748EBE9A2E41170C004869DB /* Sources */,
				748EBE9B2E41170C004869DB /* Frameworks */,
				748EBE9C2E41170C004869DB /* Resources */,
			);
			buildRules = (
			);
			dependencies = (
			);
			name = ToDoListApp;
			packageProductDependencies = (
			);
			productName = ToDoListApp;
			productReference = 748EBE9E2E41170C004869DB /* ToDoListApp.app */;
			productType = "com.apple.product-type.application";
		};
		748EBEB62E41170D004869DB /* ToDoListAppTests */ = {
			isa = PBXNativeTarget;
			buildConfigurationList = 748EBECF2E41170D004869DB /* Build configuration list for PBXNativeTarget "ToDoListAppTests" */;
			buildPhases = (
				748EBEB32E41170D004869DB /* Sources */,
				748EBEB42E41170D004869DB /* Frameworks */,
				748EBEB52E41170D004869DB /* Resources */,
			);
			buildRules = (
			);
			dependencies = (
				748EBEB92E41170D004869DB /* PBXTargetDependency */,
			);
			name = ToDoListAppTests;
			packageProductDependencies = (
			);
			productName = ToDoListAppTests;
			productReference = 748EBEB72E41170D004869DB /* ToDoListAppTests.xctest */;
			productType = "com.apple.product-type.bundle.unit-test";
		};
/* End PBXNativeTarget section */

/* Begin PBXProject section */
		748EBE962E41170C004869DB /* Project object */ = {
			isa = PBXProject;
			attributes = {
				BuildIndependentTargetsInParallel = 1;
				LastSwiftUpdateCheck = 1640;
				LastUpgradeCheck = 1640;
				TargetAttributes = {
					748EBE9D2E41170C004869DB = {
						CreatedOnToolsVersion = 16.4;
					};
					748EBEB62E41170D004869DB = {
						CreatedOnToolsVersion = 16.4;
						TestTargetID = 748EBE9D2E41170C004869DB;
					};
				};
			};
			buildConfigurationList = 748EBE992E41170C004869DB /* Build configuration list for PBXProject "ToDoListApp" */;
			developmentRegion = en;
			hasScannedForEncodings = 0;
			knownRegions = (
				en,
				Base,
			);
			mainGroup = 748EBE952E41170C004869DB;
			minimizedProjectReferenceProxies = 1;
			preferredProjectObjectVersion = 77;
			productRefGroup = 748EBE9F2E41170C004869DB /* Products */;
			projectDirPath = "";
			projectRoot = "";
			targets = (
				748EBE9D2E41170C004869DB /* ToDoListApp */,
				748EBEB62E41170D004869DB /* ToDoListAppTests */,
			);
		};
/* End PBXProject section */

/* Begin PBXResourcesBuildPhase section */
		748EBE9C2E41170C004869DB /* Resources */ = {
			isa = PBXResourcesBuildPhase;
			buildActionMask = 2147483647;
			files = (
				741669402E4118DF0028BB18 /* Assets.xcassets in Resources */,
				741669422E4118DF0028BB18 /* LaunchScreen.storyboard in Resources */,
			);
			runOnlyForDeploymentPostprocessing = 0;
		};
		748EBEB52E41170D004869DB /* Resources */ = {
			isa = PBXResourcesBuildPhase;
			buildActionMask = 2147483647;
			files = (
			);
			runOnlyForDeploymentPostprocessing = 0;
		};
/* End PBXResourcesBuildPhase section */

/* Begin PBXSourcesBuildPhase section */
		748EBE9A2E41170C004869DB /* Sources */ = {
			isa = PBXSourcesBuildPhase;
			buildActionMask = 2147483647;
			files = (
				74E6B0862E429DB800E3045C /* URLSessionManager.swift in Sources */,
				74E6B09B2E42B13A00E3045C /* Todo.swift in Sources */,
				7416693C2E4118DF0028BB18 /* AppDelegate.swift in Sources */,
				74E6B0912E429ECD00E3045C /* RemoteAPIManager.swift in Sources */,
				7481B7EB2E4136E300CFA85C /* TaskListRouter.swift in Sources */,
				748A74F82E456F3600A1375E /* StartViewController.swift in Sources */,
				74E6B08F2E429EB600E3045C /* RemoteAPIManagerProtocol.swift in Sources */,
				748E938B2E47E1FD0090E6B7 /* RepositoryProtocol.swift in Sources */,
				748A75002E45742E00A1375E /* UserDefaultsLayer.swift in Sources */,
				748A74FE2E45701500A1375E /* StartInteractor.swift in Sources */,
				7481B7E72E4136C900CFA85C /* TaskListPresenter.swift in Sources */,
				74E6B0A42E42D2CD00E3045C /* CoreDataRepository.swift in Sources */,
				7481B7F92E41B29600CFA85C /* UIColor+Extension.swift in Sources */,
				7449779E2E43DF2900BEE726 /* AppDependencyContainer.swift in Sources */,
				7481B7F62E419B4800CFA85C /* BottomBarView.swift in Sources */,
				748A74FC2E456F6900A1375E /* StartContract.swift in Sources */,
				7481B7ED2E4136EC00CFA85C /* TaskListContract.swift in Sources */,
				744E29BD2E485FDE006D0E89 /* TaskListEntities.swift in Sources */,
				7481B7F32E41399D00CFA85C /* ReuseIdentifiable.swift in Sources */,
				748A75062E45764C00A1375E /* Page.swift in Sources */,
				7481B7F02E41382000CFA85C /* TaskCell.swift in Sources */,
				74E6B89E2E470157004832FF /* TaskListDataSource.swift in Sources */,
				748A75032E45746900A1375E /* Persist.swift in Sources */,
				7416693E2E4118DF0028BB18 /* ToDoListApp.xcdatamodeld in Sources */,
				748A74F52E456DCC00A1375E /* Date+Extension.swift in Sources */,
				748A74FA2E456F4A00A1375E /* StartPresenter.swift in Sources */,
				74E6B8A12E4702DD004832FF /* TaskListDelegate.swift in Sources */,
				744977A82E4428B300BEE726 /* EditTaskInteractor.swift in Sources */,
				744977AA2E4428C400BEE726 /* EditTaskContract.swift in Sources */,
				746ACC792E675E22006F7171 /* Int+pluralize.swift in Sources */,
				74E6B0932E429F0C00E3045C /* HTTPMethod.swift in Sources */,
				74E6B0A02E42BA8400E3045C /* CoreDataStack.swift in Sources */,
				7416693F2E4118DF0028BB18 /* TaskListViewController.swift in Sources */,
				744977A62E44287500BEE726 /* EditTaskPresenter.swift in Sources */,
				74E6B08A2E429E3F00E3045C /* RequestProtocol.swift in Sources */,
				748A750B2E45845700A1375E /* StartRouter.swift in Sources */,
				7481B7E92E4136D600CFA85C /* TaskListInteractor.swift in Sources */,
				744E29C12E4877D0006D0E89 /* Alertable.swift in Sources */,
				744E29BF2E485FFE006D0E89 /* EditTaskEntities.swift in Sources */,
				74E6B08D2E429E6400E3045C /* TodosRequest.swift in Sources */,
				744E29BB2E485FB4006D0E89 /* StartEntities.swift in Sources */,
				748A75092E45769200A1375E /* TodoPayload.swift in Sources */,
				74E6B0A72E42E90000E3045C /* EditTaskViewController.swift in Sources */,
			);
			runOnlyForDeploymentPostprocessing = 0;
		};
		748EBEB32E41170D004869DB /* Sources */ = {
			isa = PBXSourcesBuildPhase;
			buildActionMask = 2147483647;
			files = (
				748E93872E47E0020090E6B7 /* RemoteAPIManagerMock.swift in Sources */,
				744E29AD2E483948006D0E89 /* Todo+Extension.swift in Sources */,
				744E29B32E483D9E006D0E89 /* EditTaskModuleDelegateMock.swift in Sources */,
				748E93992E47F5320090E6B7 /* DummyError.swift in Sources */,
				748E93892E47E1020090E6B7 /* StartInteractorTests.swift in Sources */,
				744E29B72E484343006D0E89 /* EditTaskInteractorTests.swift in Sources */,
				748E93902E47EF710090E6B7 /* MockStartInteractorInput.swift in Sources */,
				748E93AC2E4814D10090E6B7 /* TaskListInteractorTests.swift in Sources */,
				744E29B92E48458B006D0E89 /* EditTaskInteractorOutputMock.swift in Sources */,
				748E939D2E47FB4B0090E6B7 /* TaskListViewMock.swift in Sources */,
				748E93832E47DF770090E6B7 /* MockStartInteractorOutput.swift in Sources */,
				748E93962E47F0290090E6B7 /* StartPresenterTests.swift in Sources */,
				748E93852E47DFC20090E6B7 /* MockSeedDataStatusStorage.swift in Sources */,
				748E93AE2E4816080090E6B7 /* MockRepository.swift in Sources */,
				748E93A12E47FBCA0090E6B7 /* TaskListRouterMock.swift in Sources */,
				748E939F2E47FB8E0090E6B7 /* TaskListInteractorInputMock.swift in Sources */,
				748E93B02E4817790090E6B7 /* TaskListInteractorOutputMock.swift in Sources */,
				748E93AA2E4806640090E6B7 /* TestCoreDataStack.swift in Sources */,
				748E93A82E4805BA0090E6B7 /* EditTaskPresenterTests.swift in Sources */,
				748E93922E47EF920090E6B7 /* MockStartRouter.swift in Sources */,
				744E29B12E483D4B006D0E89 /* EditTaskInteractorInputMock.swift in Sources */,
				748E93A32E47FC540090E6B7 /* TaskListPresenterTests.swift in Sources */,
			);
			runOnlyForDeploymentPostprocessing = 0;
		};
/* End PBXSourcesBuildPhase section */

/* Begin PBXTargetDependency section */
		748EBEB92E41170D004869DB /* PBXTargetDependency */ = {
			isa = PBXTargetDependency;
			target = 748EBE9D2E41170C004869DB /* ToDoListApp */;
			targetProxy = 748EBEB82E41170D004869DB /* PBXContainerItemProxy */;
		};
/* End PBXTargetDependency section */

/* Begin PBXVariantGroup section */
		741669342E4118DF0028BB18 /* LaunchScreen.storyboard */ = {
			isa = PBXVariantGroup;
			children = (
				741669332E4118DF0028BB18 /* Base */,
			);
			name = LaunchScreen.storyboard;
			sourceTree = "<group>";
		};
/* End PBXVariantGroup section */

/* Begin XCBuildConfiguration section */
		748EBECB2E41170D004869DB /* Debug */ = {
			isa = XCBuildConfiguration;
			buildSettings = {
				ASSETCATALOG_COMPILER_APPICON_NAME = AppIcon;
				ASSETCATALOG_COMPILER_GLOBAL_ACCENT_COLOR_NAME = AccentColor;
				CODE_SIGN_STYLE = Automatic;
				CURRENT_PROJECT_VERSION = 1;
				DEVELOPMENT_TEAM = 4ZCKC5AQ3V;
				GENERATE_INFOPLIST_FILE = YES;
				INFOPLIST_FILE = "ToDoListApp/Supporting Files/Info.plist";
				INFOPLIST_KEY_UIApplicationSupportsIndirectInputEvents = YES;
				INFOPLIST_KEY_UILaunchStoryboardName = LaunchScreen;
				INFOPLIST_KEY_UISupportedInterfaceOrientations_iPad = "UIInterfaceOrientationPortrait UIInterfaceOrientationPortraitUpsideDown UIInterfaceOrientationLandscapeLeft UIInterfaceOrientationLandscapeRight";
				INFOPLIST_KEY_UISupportedInterfaceOrientations_iPhone = "UIInterfaceOrientationPortrait UIInterfaceOrientationLandscapeLeft UIInterfaceOrientationLandscapeRight";
				IPHONEOS_DEPLOYMENT_TARGET = 15.6;
				LD_RUNPATH_SEARCH_PATHS = (
					"$(inherited)",
					"@executable_path/Frameworks",
				);
				MARKETING_VERSION = 1.0;
				PRODUCT_BUNDLE_IDENTIFIER = IldarSham.ToDoListApp;
				PRODUCT_NAME = "$(TARGET_NAME)";
				SWIFT_EMIT_LOC_STRINGS = YES;
				SWIFT_VERSION = 5.0;
				TARGETED_DEVICE_FAMILY = "1,2";
			};
			name = Debug;
		};
		748EBECC2E41170D004869DB /* Release */ = {
			isa = XCBuildConfiguration;
			buildSettings = {
				ASSETCATALOG_COMPILER_APPICON_NAME = AppIcon;
				ASSETCATALOG_COMPILER_GLOBAL_ACCENT_COLOR_NAME = AccentColor;
				CODE_SIGN_STYLE = Automatic;
				CURRENT_PROJECT_VERSION = 1;
				DEVELOPMENT_TEAM = 4ZCKC5AQ3V;
				GENERATE_INFOPLIST_FILE = YES;
				INFOPLIST_FILE = "ToDoListApp/Supporting Files/Info.plist";
				INFOPLIST_KEY_UIApplicationSupportsIndirectInputEvents = YES;
				INFOPLIST_KEY_UILaunchStoryboardName = LaunchScreen;
				INFOPLIST_KEY_UISupportedInterfaceOrientations_iPad = "UIInterfaceOrientationPortrait UIInterfaceOrientationPortraitUpsideDown UIInterfaceOrientationLandscapeLeft UIInterfaceOrientationLandscapeRight";
				INFOPLIST_KEY_UISupportedInterfaceOrientations_iPhone = "UIInterfaceOrientationPortrait UIInterfaceOrientationLandscapeLeft UIInterfaceOrientationLandscapeRight";
				IPHONEOS_DEPLOYMENT_TARGET = 15.6;
				LD_RUNPATH_SEARCH_PATHS = (
					"$(inherited)",
					"@executable_path/Frameworks",
				);
				MARKETING_VERSION = 1.0;
				PRODUCT_BUNDLE_IDENTIFIER = IldarSham.ToDoListApp;
				PRODUCT_NAME = "$(TARGET_NAME)";
				SWIFT_EMIT_LOC_STRINGS = YES;
				SWIFT_VERSION = 5.0;
				TARGETED_DEVICE_FAMILY = "1,2";
			};
			name = Release;
		};
		748EBECD2E41170D004869DB /* Debug */ = {
			isa = XCBuildConfiguration;
			buildSettings = {
				ALWAYS_SEARCH_USER_PATHS = NO;
				ASSETCATALOG_COMPILER_GENERATE_SWIFT_ASSET_SYMBOL_EXTENSIONS = YES;
				CLANG_ANALYZER_NONNULL = YES;
				CLANG_ANALYZER_NUMBER_OBJECT_CONVERSION = YES_AGGRESSIVE;
				CLANG_CXX_LANGUAGE_STANDARD = "gnu++20";
				CLANG_ENABLE_MODULES = YES;
				CLANG_ENABLE_OBJC_ARC = YES;
				CLANG_ENABLE_OBJC_WEAK = YES;
				CLANG_WARN_BLOCK_CAPTURE_AUTORELEASING = YES;
				CLANG_WARN_BOOL_CONVERSION = YES;
				CLANG_WARN_COMMA = YES;
				CLANG_WARN_CONSTANT_CONVERSION = YES;
				CLANG_WARN_DEPRECATED_OBJC_IMPLEMENTATIONS = YES;
				CLANG_WARN_DIRECT_OBJC_ISA_USAGE = YES_ERROR;
				CLANG_WARN_DOCUMENTATION_COMMENTS = YES;
				CLANG_WARN_EMPTY_BODY = YES;
				CLANG_WARN_ENUM_CONVERSION = YES;
				CLANG_WARN_INFINITE_RECURSION = YES;
				CLANG_WARN_INT_CONVERSION = YES;
				CLANG_WARN_NON_LITERAL_NULL_CONVERSION = YES;
				CLANG_WARN_OBJC_IMPLICIT_RETAIN_SELF = YES;
				CLANG_WARN_OBJC_LITERAL_CONVERSION = YES;
				CLANG_WARN_OBJC_ROOT_CLASS = YES_ERROR;
				CLANG_WARN_QUOTED_INCLUDE_IN_FRAMEWORK_HEADER = YES;
				CLANG_WARN_RANGE_LOOP_ANALYSIS = YES;
				CLANG_WARN_STRICT_PROTOTYPES = YES;
				CLANG_WARN_SUSPICIOUS_MOVE = YES;
				CLANG_WARN_UNGUARDED_AVAILABILITY = YES_AGGRESSIVE;
				CLANG_WARN_UNREACHABLE_CODE = YES;
				CLANG_WARN__DUPLICATE_METHOD_MATCH = YES;
				COPY_PHASE_STRIP = NO;
				DEBUG_INFORMATION_FORMAT = dwarf;
				DEVELOPMENT_TEAM = 4ZCKC5AQ3V;
				ENABLE_STRICT_OBJC_MSGSEND = YES;
				ENABLE_TESTABILITY = YES;
				ENABLE_USER_SCRIPT_SANDBOXING = YES;
				GCC_C_LANGUAGE_STANDARD = gnu17;
				GCC_DYNAMIC_NO_PIC = NO;
				GCC_NO_COMMON_BLOCKS = YES;
				GCC_OPTIMIZATION_LEVEL = 0;
				GCC_PREPROCESSOR_DEFINITIONS = (
					"DEBUG=1",
					"$(inherited)",
				);
				GCC_WARN_64_TO_32_BIT_CONVERSION = YES;
				GCC_WARN_ABOUT_RETURN_TYPE = YES_ERROR;
				GCC_WARN_UNDECLARED_SELECTOR = YES;
				GCC_WARN_UNINITIALIZED_AUTOS = YES_AGGRESSIVE;
				GCC_WARN_UNUSED_FUNCTION = YES;
				GCC_WARN_UNUSED_VARIABLE = YES;
				IPHONEOS_DEPLOYMENT_TARGET = 18.5;
				LOCALIZATION_PREFERS_STRING_CATALOGS = YES;
				MTL_ENABLE_DEBUG_INFO = INCLUDE_SOURCE;
				MTL_FAST_MATH = YES;
				ONLY_ACTIVE_ARCH = YES;
				SDKROOT = iphoneos;
				SWIFT_ACTIVE_COMPILATION_CONDITIONS = "DEBUG $(inherited)";
				SWIFT_OPTIMIZATION_LEVEL = "-Onone";
			};
			name = Debug;
		};
		748EBECE2E41170D004869DB /* Release */ = {
			isa = XCBuildConfiguration;
			buildSettings = {
				ALWAYS_SEARCH_USER_PATHS = NO;
				ASSETCATALOG_COMPILER_GENERATE_SWIFT_ASSET_SYMBOL_EXTENSIONS = YES;
				CLANG_ANALYZER_NONNULL = YES;
				CLANG_ANALYZER_NUMBER_OBJECT_CONVERSION = YES_AGGRESSIVE;
				CLANG_CXX_LANGUAGE_STANDARD = "gnu++20";
				CLANG_ENABLE_MODULES = YES;
				CLANG_ENABLE_OBJC_ARC = YES;
				CLANG_ENABLE_OBJC_WEAK = YES;
				CLANG_WARN_BLOCK_CAPTURE_AUTORELEASING = YES;
				CLANG_WARN_BOOL_CONVERSION = YES;
				CLANG_WARN_COMMA = YES;
				CLANG_WARN_CONSTANT_CONVERSION = YES;
				CLANG_WARN_DEPRECATED_OBJC_IMPLEMENTATIONS = YES;
				CLANG_WARN_DIRECT_OBJC_ISA_USAGE = YES_ERROR;
				CLANG_WARN_DOCUMENTATION_COMMENTS = YES;
				CLANG_WARN_EMPTY_BODY = YES;
				CLANG_WARN_ENUM_CONVERSION = YES;
				CLANG_WARN_INFINITE_RECURSION = YES;
				CLANG_WARN_INT_CONVERSION = YES;
				CLANG_WARN_NON_LITERAL_NULL_CONVERSION = YES;
				CLANG_WARN_OBJC_IMPLICIT_RETAIN_SELF = YES;
				CLANG_WARN_OBJC_LITERAL_CONVERSION = YES;
				CLANG_WARN_OBJC_ROOT_CLASS = YES_ERROR;
				CLANG_WARN_QUOTED_INCLUDE_IN_FRAMEWORK_HEADER = YES;
				CLANG_WARN_RANGE_LOOP_ANALYSIS = YES;
				CLANG_WARN_STRICT_PROTOTYPES = YES;
				CLANG_WARN_SUSPICIOUS_MOVE = YES;
				CLANG_WARN_UNGUARDED_AVAILABILITY = YES_AGGRESSIVE;
				CLANG_WARN_UNREACHABLE_CODE = YES;
				CLANG_WARN__DUPLICATE_METHOD_MATCH = YES;
				COPY_PHASE_STRIP = NO;
				DEBUG_INFORMATION_FORMAT = "dwarf-with-dsym";
				DEVELOPMENT_TEAM = 4ZCKC5AQ3V;
				ENABLE_NS_ASSERTIONS = NO;
				ENABLE_STRICT_OBJC_MSGSEND = YES;
				ENABLE_USER_SCRIPT_SANDBOXING = YES;
				GCC_C_LANGUAGE_STANDARD = gnu17;
				GCC_NO_COMMON_BLOCKS = YES;
				GCC_WARN_64_TO_32_BIT_CONVERSION = YES;
				GCC_WARN_ABOUT_RETURN_TYPE = YES_ERROR;
				GCC_WARN_UNDECLARED_SELECTOR = YES;
				GCC_WARN_UNINITIALIZED_AUTOS = YES_AGGRESSIVE;
				GCC_WARN_UNUSED_FUNCTION = YES;
				GCC_WARN_UNUSED_VARIABLE = YES;
				IPHONEOS_DEPLOYMENT_TARGET = 18.5;
				LOCALIZATION_PREFERS_STRING_CATALOGS = YES;
				MTL_ENABLE_DEBUG_INFO = NO;
				MTL_FAST_MATH = YES;
				SDKROOT = iphoneos;
				SWIFT_COMPILATION_MODE = wholemodule;
				VALIDATE_PRODUCT = YES;
			};
			name = Release;
		};
		748EBED02E41170D004869DB /* Debug */ = {
			isa = XCBuildConfiguration;
			buildSettings = {
				BUNDLE_LOADER = "$(TEST_HOST)";
				CODE_SIGN_STYLE = Automatic;
				CURRENT_PROJECT_VERSION = 1;
				DEVELOPMENT_TEAM = 4ZCKC5AQ3V;
				GENERATE_INFOPLIST_FILE = YES;
				IPHONEOS_DEPLOYMENT_TARGET = 18.5;
				MARKETING_VERSION = 1.0;
				PRODUCT_BUNDLE_IDENTIFIER = IldarSham.ToDoListAppTests;
				PRODUCT_NAME = "$(TARGET_NAME)";
				SWIFT_EMIT_LOC_STRINGS = NO;
				SWIFT_VERSION = 5.0;
				TARGETED_DEVICE_FAMILY = "1,2";
				TEST_HOST = "$(BUILT_PRODUCTS_DIR)/ToDoListApp.app/$(BUNDLE_EXECUTABLE_FOLDER_PATH)/ToDoListApp";
			};
			name = Debug;
		};
		748EBED12E41170D004869DB /* Release */ = {
			isa = XCBuildConfiguration;
			buildSettings = {
				BUNDLE_LOADER = "$(TEST_HOST)";
				CODE_SIGN_STYLE = Automatic;
				CURRENT_PROJECT_VERSION = 1;
				DEVELOPMENT_TEAM = 4ZCKC5AQ3V;
				GENERATE_INFOPLIST_FILE = YES;
				IPHONEOS_DEPLOYMENT_TARGET = 18.5;
				MARKETING_VERSION = 1.0;
				PRODUCT_BUNDLE_IDENTIFIER = IldarSham.ToDoListAppTests;
				PRODUCT_NAME = "$(TARGET_NAME)";
				SWIFT_EMIT_LOC_STRINGS = NO;
				SWIFT_VERSION = 5.0;
				TARGETED_DEVICE_FAMILY = "1,2";
				TEST_HOST = "$(BUILT_PRODUCTS_DIR)/ToDoListApp.app/$(BUNDLE_EXECUTABLE_FOLDER_PATH)/ToDoListApp";
			};
			name = Release;
		};
/* End XCBuildConfiguration section */

/* Begin XCConfigurationList section */
		748EBE992E41170C004869DB /* Build configuration list for PBXProject "ToDoListApp" */ = {
			isa = XCConfigurationList;
			buildConfigurations = (
				748EBECD2E41170D004869DB /* Debug */,
				748EBECE2E41170D004869DB /* Release */,
			);
			defaultConfigurationIsVisible = 0;
			defaultConfigurationName = Release;
		};
		748EBECA2E41170D004869DB /* Build configuration list for PBXNativeTarget "ToDoListApp" */ = {
			isa = XCConfigurationList;
			buildConfigurations = (
				748EBECB2E41170D004869DB /* Debug */,
				748EBECC2E41170D004869DB /* Release */,
			);
			defaultConfigurationIsVisible = 0;
			defaultConfigurationName = Release;
		};
		748EBECF2E41170D004869DB /* Build configuration list for PBXNativeTarget "ToDoListAppTests" */ = {
			isa = XCConfigurationList;
			buildConfigurations = (
				748EBED02E41170D004869DB /* Debug */,
				748EBED12E41170D004869DB /* Release */,
			);
			defaultConfigurationIsVisible = 0;
			defaultConfigurationName = Release;
		};
/* End XCConfigurationList section */

/* Begin XCVersionGroup section */
		741669382E4118DF0028BB18 /* ToDoListApp.xcdatamodeld */ = {
			isa = XCVersionGroup;
			children = (
				7416693B2E4118DF0028BB18 /* ToDoListApp.xcdatamodel */,
			);
			currentVersion = 7416693B2E4118DF0028BB18 /* ToDoListApp.xcdatamodel */;
			path = ToDoListApp.xcdatamodeld;
			sourceTree = "<group>";
			versionGroupType = wrapper.xcdatamodel;
		};
/* End XCVersionGroup section */
	};
	rootObject = 748EBE962E41170C004869DB /* Project object */;
}
